
Microsoft Visual Studio Solution File, Format Version 12.00
# Visual Studio Version 16
VisualStudioVersion = 16.0.30114.105
MinimumVisualStudioVersion = 10.0.40219.1
Project("{FAE04EC0-301F-11D3-BF4B-00C04F79EFBC}") = "Assignment3", "Assignment3\Assignment3.csproj", "{5493F3DF-AA7A-49B5-A0BB-89D4B07F8465}"
EndProject
Global
	GlobalSection(SolutionConfigurationPlatforms) = preSolution
		Debug|Any CPU = Debug|Any CPU
		Release|Any CPU = Release|Any CPU
	EndGlobalSection
	GlobalSection(ProjectConfigurationPlatforms) = postSolution
		{5493F3DF-AA7A-49B5-A0BB-89D4B07F8465}.Debug|Any CPU.ActiveCfg = Debug|Any CPU
		{5493F3DF-AA7A-49B5-A0BB-89D4B07F8465}.Debug|Any CPU.Build.0 = Debug|Any CPU
		{5493F3DF-AA7A-49B5-A0BB-89D4B07F8465}.Release|Any CPU.ActiveCfg = Release|Any CPU
		{5493F3DF-AA7A-49B5-A0BB-89D4B07F8465}.Release|Any CPU.Build.0 = Release|Any CPU
	EndGlobalSection
	GlobalSection(SolutionProperties) = preSolution
		HideSolutionNode = FALSE
	EndGlobalSection
	GlobalSection(ExtensibilityGlobals) = postSolution
		SolutionGuid = {49201208-219E-4495-84FA-88D9D62CC152}
	EndGlobalSection
EndGlobal
