
Microsoft Visual Studio Solution File, Format Version 12.00
# Visual Studio Version 16
VisualStudioVersion = 16.0.30114.105
MinimumVisualStudioVersion = 10.0.40219.1
Project("{FAE04EC0-301F-11D3-BF4B-00C04F79EFBC}") = "QuickSort", "QuickSort\QuickSort.csproj", "{59B0B5EC-FF4D-4103-98C9-3A48D1D30A01}"
EndProject
Global
	GlobalSection(SolutionConfigurationPlatforms) = preSolution
		Debug|Any CPU = Debug|Any CPU
		Release|Any CPU = Release|Any CPU
	EndGlobalSection
	GlobalSection(ProjectConfigurationPlatforms) = postSolution
		{59B0B5EC-FF4D-4103-98C9-3A48D1D30A01}.Debug|Any CPU.ActiveCfg = Debug|Any CPU
		{59B0B5EC-FF4D-4103-98C9-3A48D1D30A01}.Debug|Any CPU.Build.0 = Debug|Any CPU
		{59B0B5EC-FF4D-4103-98C9-3A48D1D30A01}.Release|Any CPU.ActiveCfg = Release|Any CPU
		{59B0B5EC-FF4D-4103-98C9-3A48D1D30A01}.Release|Any CPU.Build.0 = Release|Any CPU
	EndGlobalSection
	GlobalSection(SolutionProperties) = preSolution
		HideSolutionNode = FALSE
	EndGlobalSection
	GlobalSection(ExtensibilityGlobals) = postSolution
		SolutionGuid = {6E5F5EC6-965F-46A0-8690-F7BC1066DFD3}
	EndGlobalSection
EndGlobal
