
Microsoft Visual Studio Solution File, Format Version 12.00
# Visual Studio Version 16
VisualStudioVersion = 16.0.30114.105
MinimumVisualStudioVersion = 10.0.40219.1
Project("{FAE04EC0-301F-11D3-BF4B-00C04F79EFBC}") = "Final", "Final\Final.csproj", "{B671C4DA-3905-4E4E-8A5B-44F4BF2CAB1A}"
EndProject
Global
	GlobalSection(SolutionConfigurationPlatforms) = preSolution
		Debug|Any CPU = Debug|Any CPU
		Release|Any CPU = Release|Any CPU
	EndGlobalSection
	GlobalSection(ProjectConfigurationPlatforms) = postSolution
		{B671C4DA-3905-4E4E-8A5B-44F4BF2CAB1A}.Debug|Any CPU.ActiveCfg = Debug|Any CPU
		{B671C4DA-3905-4E4E-8A5B-44F4BF2CAB1A}.Debug|Any CPU.Build.0 = Debug|Any CPU
		{B671C4DA-3905-4E4E-8A5B-44F4BF2CAB1A}.Release|Any CPU.ActiveCfg = Release|Any CPU
		{B671C4DA-3905-4E4E-8A5B-44F4BF2CAB1A}.Release|Any CPU.Build.0 = Release|Any CPU
	EndGlobalSection
	GlobalSection(SolutionProperties) = preSolution
		HideSolutionNode = FALSE
	EndGlobalSection
	GlobalSection(ExtensibilityGlobals) = postSolution
		SolutionGuid = {7F2E528B-CE8C-4C92-8FD7-196E034E783D}
	EndGlobalSection
EndGlobal
